
Microsoft Visual Studio Solution File, Format Version 12.00
# Visual Studio Version 17
VisualStudioVersion = 17.13.36105.23 d17.13
MinimumVisualStudioVersion = 10.0.40219.1
Project("{FAE04EC0-301F-11D3-BF4B-00C04F79EFBC}") = "SolLib", "..\SolLib\SolLib.csproj", "{29DD64FD-BF27-4555-26B4-49FF9D7F7712}"
EndProject
Project("{FAE04EC0-301F-11D3-BF4B-00C04F79EFBC}") = "SolSolver", "SolSolver.csproj", "{77F6C62D-64B3-EB16-F09A-A8C3154F7955}"
EndProject
Global
	GlobalSection(SolutionConfigurationPlatforms) = preSolution
		Debug|Any CPU = Debug|Any CPU
		Release|Any CPU = Release|Any CPU
	EndGlobalSection
	GlobalSection(ProjectConfigurationPlatforms) = postSolution
		{29DD64FD-BF27-4555-26B4-49FF9D7F7712}.Debug|Any CPU.ActiveCfg = Debug|Any CPU
		{29DD64FD-BF27-4555-26B4-49FF9D7F7712}.Debug|Any CPU.Build.0 = Debug|Any CPU
		{29DD64FD-BF27-4555-26B4-49FF9D7F7712}.Release|Any CPU.ActiveCfg = Release|Any CPU
		{29DD64FD-BF27-4555-26B4-49FF9D7F7712}.Release|Any CPU.Build.0 = Release|Any CPU
		{77F6C62D-64B3-EB16-F09A-A8C3154F7955}.Debug|Any CPU.ActiveCfg = Debug|Any CPU
		{77F6C62D-64B3-EB16-F09A-A8C3154F7955}.Debug|Any CPU.Build.0 = Debug|Any CPU
		{77F6C62D-64B3-EB16-F09A-A8C3154F7955}.Release|Any CPU.ActiveCfg = Release|Any CPU
		{77F6C62D-64B3-EB16-F09A-A8C3154F7955}.Release|Any CPU.Build.0 = Release|Any CPU
	EndGlobalSection
	GlobalSection(SolutionProperties) = preSolution
		HideSolutionNode = FALSE
	EndGlobalSection
	GlobalSection(ExtensibilityGlobals) = postSolution
		SolutionGuid = {C9EC7773-2263-412F-9832-DEC64146DEC1}
	EndGlobalSection
EndGlobal
