
Microsoft Visual Studio Solution File, Format Version 12.00
# Visual Studio 15
VisualStudioVersion = 15.0.27004.2005
MinimumVisualStudioVersion = 10.0.40219.1
Project("{FAE04EC0-301F-11D3-BF4B-00C04F79EFBC}") = "DetectClosedArea", "DetectClosedArea.csproj", "{26566001-E8A9-48FC-AC9D-471603E3B2AF}"
EndProject
Global
	GlobalSection(SolutionConfigurationPlatforms) = preSolution
		Debug|Any CPU = Debug|Any CPU
		Release|Any CPU = Release|Any CPU
	EndGlobalSection
	GlobalSection(ProjectConfigurationPlatforms) = postSolution
		{26566001-E8A9-48FC-AC9D-471603E3B2AF}.Debug|Any CPU.ActiveCfg = Debug|Any CPU
		{26566001-E8A9-48FC-AC9D-471603E3B2AF}.Debug|Any CPU.Build.0 = Debug|Any CPU
		{26566001-E8A9-48FC-AC9D-471603E3B2AF}.Release|Any CPU.ActiveCfg = Release|Any CPU
		{26566001-E8A9-48FC-AC9D-471603E3B2AF}.Release|Any CPU.Build.0 = Release|Any CPU
	EndGlobalSection
	GlobalSection(SolutionProperties) = preSolution
		HideSolutionNode = FALSE
	EndGlobalSection
	GlobalSection(ExtensibilityGlobals) = postSolution
		SolutionGuid = {D2D05085-120E-4F05-8815-AEC91AC7B458}
	EndGlobalSection
EndGlobal
