
Microsoft Visual Studio Solution File, Format Version 12.00
# Visual Studio Version 16
VisualStudioVersion = 16.0.29613.14
MinimumVisualStudioVersion = 10.0.40219.1
Project("{9A19103F-16F7-4668-BE54-9A1E7A4F7556}") = "QwirkleLib", "QwirkleLib\QwirkleLib.csproj", "{2B06DD24-E0E0-48B9-BD76-F4B458763B91}"
EndProject
Project("{9A19103F-16F7-4668-BE54-9A1E7A4F7556}") = "NUnitTestQwirkleLib", "..\NUnitTestQwirkleLib\NUnitTestQwirkleLib.csproj", "{C36AF258-24FC-41E7-B90C-77345D17EBE9}"
EndProject
Project("{FAE04EC0-301F-11D3-BF4B-00C04F79EFBC}") = "VisualTests", "..\VisualTests\VisualTests.csproj", "{995ED529-B0F4-49E9-B420-8A653151BC06}"
EndProject
Global
	GlobalSection(SolutionConfigurationPlatforms) = preSolution
		Debug|Any CPU = Debug|Any CPU
		Release|Any CPU = Release|Any CPU
	EndGlobalSection
	GlobalSection(ProjectConfigurationPlatforms) = postSolution
		{2B06DD24-E0E0-48B9-BD76-F4B458763B91}.Debug|Any CPU.ActiveCfg = Debug|Any CPU
		{2B06DD24-E0E0-48B9-BD76-F4B458763B91}.Debug|Any CPU.Build.0 = Debug|Any CPU
		{2B06DD24-E0E0-48B9-BD76-F4B458763B91}.Release|Any CPU.ActiveCfg = Release|Any CPU
		{2B06DD24-E0E0-48B9-BD76-F4B458763B91}.Release|Any CPU.Build.0 = Release|Any CPU
		{C36AF258-24FC-41E7-B90C-77345D17EBE9}.Debug|Any CPU.ActiveCfg = Debug|Any CPU
		{C36AF258-24FC-41E7-B90C-77345D17EBE9}.Debug|Any CPU.Build.0 = Debug|Any CPU
		{C36AF258-24FC-41E7-B90C-77345D17EBE9}.Release|Any CPU.ActiveCfg = Release|Any CPU
		{C36AF258-24FC-41E7-B90C-77345D17EBE9}.Release|Any CPU.Build.0 = Release|Any CPU
		{995ED529-B0F4-49E9-B420-8A653151BC06}.Debug|Any CPU.ActiveCfg = Debug|Any CPU
		{995ED529-B0F4-49E9-B420-8A653151BC06}.Debug|Any CPU.Build.0 = Debug|Any CPU
		{995ED529-B0F4-49E9-B420-8A653151BC06}.Release|Any CPU.ActiveCfg = Release|Any CPU
		{995ED529-B0F4-49E9-B420-8A653151BC06}.Release|Any CPU.Build.0 = Release|Any CPU
	EndGlobalSection
	GlobalSection(SolutionProperties) = preSolution
		HideSolutionNode = FALSE
	EndGlobalSection
	GlobalSection(ExtensibilityGlobals) = postSolution
		SolutionGuid = {5B58BF60-68A7-4FA1-8E36-02DC2C701DF1}
	EndGlobalSection
EndGlobal
