
Microsoft Visual Studio Solution File, Format Version 12.00
# Visual Studio Version 18
VisualStudioVersion = 18.0.11222.15
MinimumVisualStudioVersion = 10.0.40219.1
Project("{FAE04EC0-301F-11D3-BF4B-00C04F79EFBC}") = "T59v7 Console", "T59v7 Console.csproj", "{5A88F16C-7AF0-C51F-B2E1-21F6D6980A59}"
EndProject
Project("{FAE04EC0-301F-11D3-BF4B-00C04F79EFBC}") = "T59v7Core", "..\T59Core\T59v7Core.csproj", "{2B1F74ED-36A6-90AE-5D2F-6DAEA1CC2194}"
EndProject
Global
	GlobalSection(SolutionConfigurationPlatforms) = preSolution
		Debug|Any CPU = Debug|Any CPU
		Release|Any CPU = Release|Any CPU
	EndGlobalSection
	GlobalSection(ProjectConfigurationPlatforms) = postSolution
		{5A88F16C-7AF0-C51F-B2E1-21F6D6980A59}.Debug|Any CPU.ActiveCfg = Debug|Any CPU
		{5A88F16C-7AF0-C51F-B2E1-21F6D6980A59}.Debug|Any CPU.Build.0 = Debug|Any CPU
		{5A88F16C-7AF0-C51F-B2E1-21F6D6980A59}.Release|Any CPU.ActiveCfg = Release|Any CPU
		{5A88F16C-7AF0-C51F-B2E1-21F6D6980A59}.Release|Any CPU.Build.0 = Release|Any CPU
		{2B1F74ED-36A6-90AE-5D2F-6DAEA1CC2194}.Debug|Any CPU.ActiveCfg = Debug|Any CPU
		{2B1F74ED-36A6-90AE-5D2F-6DAEA1CC2194}.Debug|Any CPU.Build.0 = Debug|Any CPU
		{2B1F74ED-36A6-90AE-5D2F-6DAEA1CC2194}.Release|Any CPU.ActiveCfg = Release|Any CPU
		{2B1F74ED-36A6-90AE-5D2F-6DAEA1CC2194}.Release|Any CPU.Build.0 = Release|Any CPU
	EndGlobalSection
	GlobalSection(SolutionProperties) = preSolution
		HideSolutionNode = FALSE
	EndGlobalSection
	GlobalSection(ExtensibilityGlobals) = postSolution
		SolutionGuid = {283585E7-495F-4472-AE8A-951431DDC5A4}
	EndGlobalSection
EndGlobal
