
Microsoft Visual Studio Solution File, Format Version 12.00
# Visual Studio 15
VisualStudioVersion = 15.0.28010.2026
MinimumVisualStudioVersion = 10.0.40219.1
Project("{FAE04EC0-301F-11D3-BF4B-00C04F79EFBC}") = "UniSearchUWP", "UniSearchUWP\UniSearchUWP.csproj", "{1A607EBA-1578-4722-B572-F475CECE714D}"
EndProject
Project("{FAE04EC0-301F-11D3-BF4B-00C04F79EFBC}") = "UniDataUWP", "UniDataUWP\UniDataUWP.csproj", "{AF6E551B-B772-41A4-B61D-87599E8A6E66}"
EndProject
Project("{FAE04EC0-301F-11D3-BF4B-00C04F79EFBC}") = "UniDataTestProject", "UniDataTestProject\UniDataTestProject.csproj", "{F9CBCF48-CA65-4A4E-A035-237B3E012CE7}"
EndProject
Global
	GlobalSection(SolutionConfigurationPlatforms) = preSolution
		Debug|Any CPU = Debug|Any CPU
		Debug|ARM = Debug|ARM
		Debug|x64 = Debug|x64
		Debug|x86 = Debug|x86
		Release|Any CPU = Release|Any CPU
		Release|ARM = Release|ARM
		Release|x64 = Release|x64
		Release|x86 = Release|x86
	EndGlobalSection
	GlobalSection(ProjectConfigurationPlatforms) = postSolution
		{1A607EBA-1578-4722-B572-F475CECE714D}.Debug|Any CPU.ActiveCfg = Debug|x86
		{1A607EBA-1578-4722-B572-F475CECE714D}.Debug|ARM.ActiveCfg = Debug|ARM
		{1A607EBA-1578-4722-B572-F475CECE714D}.Debug|ARM.Build.0 = Debug|ARM
		{1A607EBA-1578-4722-B572-F475CECE714D}.Debug|ARM.Deploy.0 = Debug|ARM
		{1A607EBA-1578-4722-B572-F475CECE714D}.Debug|x64.ActiveCfg = Debug|x64
		{1A607EBA-1578-4722-B572-F475CECE714D}.Debug|x64.Build.0 = Debug|x64
		{1A607EBA-1578-4722-B572-F475CECE714D}.Debug|x64.Deploy.0 = Debug|x64
		{1A607EBA-1578-4722-B572-F475CECE714D}.Debug|x86.ActiveCfg = Debug|x86
		{1A607EBA-1578-4722-B572-F475CECE714D}.Debug|x86.Build.0 = Debug|x86
		{1A607EBA-1578-4722-B572-F475CECE714D}.Debug|x86.Deploy.0 = Debug|x86
		{1A607EBA-1578-4722-B572-F475CECE714D}.Release|Any CPU.ActiveCfg = Release|x86
		{1A607EBA-1578-4722-B572-F475CECE714D}.Release|ARM.ActiveCfg = Release|ARM
		{1A607EBA-1578-4722-B572-F475CECE714D}.Release|ARM.Build.0 = Release|ARM
		{1A607EBA-1578-4722-B572-F475CECE714D}.Release|ARM.Deploy.0 = Release|ARM
		{1A607EBA-1578-4722-B572-F475CECE714D}.Release|x64.ActiveCfg = Release|x64
		{1A607EBA-1578-4722-B572-F475CECE714D}.Release|x64.Build.0 = Release|x64
		{1A607EBA-1578-4722-B572-F475CECE714D}.Release|x64.Deploy.0 = Release|x64
		{1A607EBA-1578-4722-B572-F475CECE714D}.Release|x86.ActiveCfg = Release|x86
		{1A607EBA-1578-4722-B572-F475CECE714D}.Release|x86.Build.0 = Release|x86
		{1A607EBA-1578-4722-B572-F475CECE714D}.Release|x86.Deploy.0 = Release|x86
		{AF6E551B-B772-41A4-B61D-87599E8A6E66}.Debug|Any CPU.ActiveCfg = Debug|Any CPU
		{AF6E551B-B772-41A4-B61D-87599E8A6E66}.Debug|Any CPU.Build.0 = Debug|Any CPU
		{AF6E551B-B772-41A4-B61D-87599E8A6E66}.Debug|ARM.ActiveCfg = Debug|ARM
		{AF6E551B-B772-41A4-B61D-87599E8A6E66}.Debug|ARM.Build.0 = Debug|ARM
		{AF6E551B-B772-41A4-B61D-87599E8A6E66}.Debug|x64.ActiveCfg = Debug|x64
		{AF6E551B-B772-41A4-B61D-87599E8A6E66}.Debug|x64.Build.0 = Debug|x64
		{AF6E551B-B772-41A4-B61D-87599E8A6E66}.Debug|x86.ActiveCfg = Debug|x86
		{AF6E551B-B772-41A4-B61D-87599E8A6E66}.Debug|x86.Build.0 = Debug|x86
		{AF6E551B-B772-41A4-B61D-87599E8A6E66}.Release|Any CPU.ActiveCfg = Release|Any CPU
		{AF6E551B-B772-41A4-B61D-87599E8A6E66}.Release|Any CPU.Build.0 = Release|Any CPU
		{AF6E551B-B772-41A4-B61D-87599E8A6E66}.Release|ARM.ActiveCfg = Release|ARM
		{AF6E551B-B772-41A4-B61D-87599E8A6E66}.Release|ARM.Build.0 = Release|ARM
		{AF6E551B-B772-41A4-B61D-87599E8A6E66}.Release|x64.ActiveCfg = Release|x64
		{AF6E551B-B772-41A4-B61D-87599E8A6E66}.Release|x64.Build.0 = Release|x64
		{AF6E551B-B772-41A4-B61D-87599E8A6E66}.Release|x86.ActiveCfg = Release|x86
		{AF6E551B-B772-41A4-B61D-87599E8A6E66}.Release|x86.Build.0 = Release|x86
		{F9CBCF48-CA65-4A4E-A035-237B3E012CE7}.Debug|Any CPU.ActiveCfg = Debug|x86
		{F9CBCF48-CA65-4A4E-A035-237B3E012CE7}.Debug|ARM.ActiveCfg = Debug|ARM
		{F9CBCF48-CA65-4A4E-A035-237B3E012CE7}.Debug|ARM.Build.0 = Debug|ARM
		{F9CBCF48-CA65-4A4E-A035-237B3E012CE7}.Debug|ARM.Deploy.0 = Debug|ARM
		{F9CBCF48-CA65-4A4E-A035-237B3E012CE7}.Debug|x64.ActiveCfg = Debug|x64
		{F9CBCF48-CA65-4A4E-A035-237B3E012CE7}.Debug|x64.Build.0 = Debug|x64
		{F9CBCF48-CA65-4A4E-A035-237B3E012CE7}.Debug|x64.Deploy.0 = Debug|x64
		{F9CBCF48-CA65-4A4E-A035-237B3E012CE7}.Debug|x86.ActiveCfg = Debug|x86
		{F9CBCF48-CA65-4A4E-A035-237B3E012CE7}.Debug|x86.Build.0 = Debug|x86
		{F9CBCF48-CA65-4A4E-A035-237B3E012CE7}.Debug|x86.Deploy.0 = Debug|x86
		{F9CBCF48-CA65-4A4E-A035-237B3E012CE7}.Release|Any CPU.ActiveCfg = Release|x86
		{F9CBCF48-CA65-4A4E-A035-237B3E012CE7}.Release|ARM.ActiveCfg = Release|ARM
		{F9CBCF48-CA65-4A4E-A035-237B3E012CE7}.Release|ARM.Build.0 = Release|ARM
		{F9CBCF48-CA65-4A4E-A035-237B3E012CE7}.Release|ARM.Deploy.0 = Release|ARM
		{F9CBCF48-CA65-4A4E-A035-237B3E012CE7}.Release|x64.ActiveCfg = Release|x64
		{F9CBCF48-CA65-4A4E-A035-237B3E012CE7}.Release|x64.Build.0 = Release|x64
		{F9CBCF48-CA65-4A4E-A035-237B3E012CE7}.Release|x64.Deploy.0 = Release|x64
		{F9CBCF48-CA65-4A4E-A035-237B3E012CE7}.Release|x86.ActiveCfg = Release|x86
		{F9CBCF48-CA65-4A4E-A035-237B3E012CE7}.Release|x86.Build.0 = Release|x86
		{F9CBCF48-CA65-4A4E-A035-237B3E012CE7}.Release|x86.Deploy.0 = Release|x86
	EndGlobalSection
	GlobalSection(SolutionProperties) = preSolution
		HideSolutionNode = FALSE
	EndGlobalSection
	GlobalSection(ExtensibilityGlobals) = postSolution
		SolutionGuid = {EFB0EF42-BA90-478F-B78C-54E373BE4893}
	EndGlobalSection
EndGlobal
