
Microsoft Visual Studio Solution File, Format Version 12.00
# Visual Studio Version 17
VisualStudioVersion = 17.1.32421.90
MinimumVisualStudioVersion = 10.0.40219.1
Project("{FAE04EC0-301F-11D3-BF4B-00C04F79EFBC}") = "Compare_Blocks_MetaBlocks", "Compare_Blocks_MetaBlocks.csproj", "{D509695C-D261-48CD-8CCE-786BAA3D1D7F}"
EndProject
Global
	GlobalSection(SolutionConfigurationPlatforms) = preSolution
		Debug|Any CPU = Debug|Any CPU
		Release|Any CPU = Release|Any CPU
	EndGlobalSection
	GlobalSection(ProjectConfigurationPlatforms) = postSolution
		{D509695C-D261-48CD-8CCE-786BAA3D1D7F}.Debug|Any CPU.ActiveCfg = Debug|Any CPU
		{D509695C-D261-48CD-8CCE-786BAA3D1D7F}.Debug|Any CPU.Build.0 = Debug|Any CPU
		{D509695C-D261-48CD-8CCE-786BAA3D1D7F}.Release|Any CPU.ActiveCfg = Release|Any CPU
		{D509695C-D261-48CD-8CCE-786BAA3D1D7F}.Release|Any CPU.Build.0 = Release|Any CPU
	EndGlobalSection
	GlobalSection(SolutionProperties) = preSolution
		HideSolutionNode = FALSE
	EndGlobalSection
	GlobalSection(ExtensibilityGlobals) = postSolution
		SolutionGuid = {D2EB52B2-A49C-45D4-84C1-C8F49C21E820}
	EndGlobalSection
EndGlobal
