
Microsoft Visual Studio Solution File, Format Version 12.00
# Visual Studio 15
VisualStudioVersion = 15.0.26730.12
MinimumVisualStudioVersion = 10.0.40219.1
Project("{888888A0-9F3D-457C-B088-3A5042F75D52}") = "ElevatorPy", "ElevatorPy.pyproj", "{FA894873-2BB6-4FB1-903E-88ACC686B70C}"
EndProject
Global
	GlobalSection(SolutionConfigurationPlatforms) = preSolution
		Debug|Any CPU = Debug|Any CPU
		Release|Any CPU = Release|Any CPU
	EndGlobalSection
	GlobalSection(ProjectConfigurationPlatforms) = postSolution
		{FA894873-2BB6-4FB1-903E-88ACC686B70C}.Debug|Any CPU.ActiveCfg = Debug|Any CPU
		{FA894873-2BB6-4FB1-903E-88ACC686B70C}.Release|Any CPU.ActiveCfg = Release|Any CPU
	EndGlobalSection
	GlobalSection(SolutionProperties) = preSolution
		HideSolutionNode = FALSE
	EndGlobalSection
	GlobalSection(ExtensibilityGlobals) = postSolution
		SolutionGuid = {1CB306B7-10E2-4B2A-BAC1-A5826EC17E5C}
	EndGlobalSection
EndGlobal
