
Microsoft Visual Studio Solution File, Format Version 12.00
# Visual Studio Version 17
VisualStudioVersion = 17.0.32002.185
MinimumVisualStudioVersion = 10.0.40219.1
Project("{FAE04EC0-301F-11D3-BF4B-00C04F79EFBC}") = "PlotterWPFTest", "PlotterWPFTest.csproj", "{719643CE-3270-4049-B049-BA6BBFF48B1D}"
EndProject
Project("{9A19103F-16F7-4668-BE54-9A1E7A4F7556}") = "PlotterLibrary", "..\PlotterLibrary\PlotterLibrary.csproj", "{6209609D-571C-459C-899C-5C249957D527}"
EndProject
Global
	GlobalSection(SolutionConfigurationPlatforms) = preSolution
		Debug|Any CPU = Debug|Any CPU
		Release|Any CPU = Release|Any CPU
	EndGlobalSection
	GlobalSection(ProjectConfigurationPlatforms) = postSolution
		{719643CE-3270-4049-B049-BA6BBFF48B1D}.Debug|Any CPU.ActiveCfg = Debug|Any CPU
		{719643CE-3270-4049-B049-BA6BBFF48B1D}.Debug|Any CPU.Build.0 = Debug|Any CPU
		{719643CE-3270-4049-B049-BA6BBFF48B1D}.Release|Any CPU.ActiveCfg = Release|Any CPU
		{719643CE-3270-4049-B049-BA6BBFF48B1D}.Release|Any CPU.Build.0 = Release|Any CPU
		{6209609D-571C-459C-899C-5C249957D527}.Debug|Any CPU.ActiveCfg = Debug|Any CPU
		{6209609D-571C-459C-899C-5C249957D527}.Debug|Any CPU.Build.0 = Debug|Any CPU
		{6209609D-571C-459C-899C-5C249957D527}.Release|Any CPU.ActiveCfg = Release|Any CPU
		{6209609D-571C-459C-899C-5C249957D527}.Release|Any CPU.Build.0 = Release|Any CPU
	EndGlobalSection
	GlobalSection(SolutionProperties) = preSolution
		HideSolutionNode = FALSE
	EndGlobalSection
	GlobalSection(ExtensibilityGlobals) = postSolution
		SolutionGuid = {BCF48D88-F051-4380-AAE1-B3DF8F631E51}
	EndGlobalSection
EndGlobal
